
Microsoft Visual Studio Solution File, Format Version 12.00
# Visual Studio Version 17
VisualStudioVersion = 17.5.33530.505
MinimumVisualStudioVersion = 10.0.40219.1
Project("{FAE04EC0-301F-11D3-BF4B-00C04F79EFBC}") = "API Microscopio", "API Microscopio.csproj", "{A61F7F4E-CB72-4523-B821-2ED9044560ED}"
EndProject
Global
	GlobalSection(SolutionConfigurationPlatforms) = preSolution
		Debug|Any CPU = Debug|Any CPU
		Release|Any CPU = Release|Any CPU
	EndGlobalSection
	GlobalSection(ProjectConfigurationPlatforms) = postSolution
		{A61F7F4E-CB72-4523-B821-2ED9044560ED}.Debug|Any CPU.ActiveCfg = Debug|Any CPU
		{A61F7F4E-CB72-4523-B821-2ED9044560ED}.Debug|Any CPU.Build.0 = Debug|Any CPU
		{A61F7F4E-CB72-4523-B821-2ED9044560ED}.Release|Any CPU.ActiveCfg = Release|Any CPU
		{A61F7F4E-CB72-4523-B821-2ED9044560ED}.Release|Any CPU.Build.0 = Release|Any CPU
	EndGlobalSection
	GlobalSection(SolutionProperties) = preSolution
		HideSolutionNode = FALSE
	EndGlobalSection
	GlobalSection(ExtensibilityGlobals) = postSolution
		SolutionGuid = {C0B34BF2-DB45-473C-9ABC-2939166222FD}
	EndGlobalSection
EndGlobal
